{
  "object": {
    "pins": [
      {
        "package": "Chalk",
        "repositoryURL": "https://github.com/luoxiu/Chalk",
        "state": {
          "branch": null,
          "revision": "1af59cb17f66bd6da2fd68f422432e4d9dcd680b",
          "version": "0.1.0"
        }
      },
      {
        "package": "CryptoSwift",
        "repositoryURL": "https://github.com/krzyzanowskim/CryptoSwift.git",
        "state": {
          "branch": null,
          "revision": "39f08ac5269361a50c08ce1e2f41989bfc4b1ec8",
          "version": "1.3.1"
        }
      },
      {
        "package": "FileKit",
        "repositoryURL": "https://github.com/nvzqz/FileKit.git",
        "state": {
          "branch": null,
          "revision": "826d9161b184509f80d85c28cd612d630646de98",
          "version": "6.0.0"
        }
      },
      {
        "package": "Gzip",
        "repositoryURL": "https://github.com/1024jp/GzipSwift",
        "state": {
          "branch": null,
          "revision": "ba0b6cb51cc6202f896e469b87d2889a46b10d1b",
          "version": "5.1.1"
        }
      },
      {
        "package": "ProcessStartTime",
        "repositoryURL": "https://github.com/luoxiu/ProcessStartTime.git",
        "state": {
          "branch": null,
          "revision": "a646602acdcb53287e9340520181e5d0165fe29c",
          "version": "0.0.1"
        }
      },
      {
        "package": "Rainbow",
        "repositoryURL": "https://github.com/luoxiu/Rainbow",
        "state": {
          "branch": null,
          "revision": "9bc8fa136c8cec2f4a5c8ad1e8d37753e05db9d5",
          "version": "0.1.0"
        }
      },
      {
        "package": "swift-log",
        "repositoryURL": "https://github.com/apple/swift-log.git",
        "state": {
          "branch": null,
          "revision": "57c6bd04256ba47590ee2285e208f731210c5c10",
          "version": "1.3.0"
        }
      }
    ]
  },
  "version": 1
}
