{
  "object": {
    "pins": [
      {
        "package": "Backtrace",
        "repositoryURL": "https://github.com/luoxiu/Backtrace.git",
        "state": {
          "branch": null,
          "revision": "a25ce13e9b119bc69de7f654e3a2a85f97db23a0",
          "version": "0.1.2"
        }
      },
      {
        "package": "Chalk",
        "repositoryURL": "https://github.com/luoxiu/Chalk",
        "state": {
          "branch": null,
          "revision": "1af59cb17f66bd6da2fd68f422432e4d9dcd680b",
          "version": "0.1.0"
        }
      },
      {
        "package": "CryptoSwift",
        "repositoryURL": "https://github.com/krzyzanowskim/CryptoSwift.git",
        "state": {
          "branch": null,
          "revision": "39f08ac5269361a50c08ce1e2f41989bfc4b1ec8",
          "version": "1.3.1"
        }
      },
      {
        "package": "CwlDemangle",
        "repositoryURL": "https://github.com/mattgallagher/CwlDemangle",
        "state": {
          "branch": null,
          "revision": "b268c08207d2990664605c49b2c71cbd0df3445b",
          "version": "0.1.0"
        }
      },
      {
        "package": "Gzip",
        "repositoryURL": "https://github.com/1024jp/GzipSwift",
        "state": {
          "branch": null,
          "revision": "ba0b6cb51cc6202f896e469b87d2889a46b10d1b",
          "version": "5.1.1"
        }
      },
      {
        "package": "ProcessStartTime",
        "repositoryURL": "https://github.com/luoxiu/ProcessStartTime.git",
        "state": {
          "branch": null,
          "revision": "a646602acdcb53287e9340520181e5d0165fe29c",
          "version": "0.0.1"
        }
      },
      {
        "package": "Rainbow",
        "repositoryURL": "https://github.com/luoxiu/Rainbow",
        "state": {
          "branch": null,
          "revision": "9bc8fa136c8cec2f4a5c8ad1e8d37753e05db9d5",
          "version": "0.1.0"
        }
      },
      {
        "package": "swift-log",
        "repositoryURL": "https://github.com/apple/swift-log.git",
        "state": {
          "branch": null,
          "revision": "74d7b91ceebc85daf387ebb206003f78813f71aa",
          "version": "1.2.0"
        }
      }
    ]
  },
  "version": 1
}
